
Microsoft Visual Studio Solution File, Format Version 11.00
# Visual Studio 2010
Project("{FAE04EC0-301F-11D3-BF4B-00C04F79EFBC}") = "MutableObject", "MutableObject\MutableObject.csproj", "{7AC27F23-D597-4893-AB44-5AB440875012}"
EndProject
Project("{FAE04EC0-301F-11D3-BF4B-00C04F79EFBC}") = "MutableObject.Tests", "..\tests\MutableObject\MutableObject.Tests.csproj", "{C7E3FC39-6F06-4143-A2C4-236BD879019E}"
EndProject
Global
	GlobalSection(SolutionConfigurationPlatforms) = preSolution
		Debug|Any CPU = Debug|Any CPU
		Debug|Mixed Platforms = Debug|Mixed Platforms
		Debug|x86 = Debug|x86
		Release|Any CPU = Release|Any CPU
		Release|Mixed Platforms = Release|Mixed Platforms
		Release|x86 = Release|x86
	EndGlobalSection
	GlobalSection(ProjectConfigurationPlatforms) = postSolution
		{7AC27F23-D597-4893-AB44-5AB440875012}.Debug|Any CPU.ActiveCfg = Debug|Any CPU
		{7AC27F23-D597-4893-AB44-5AB440875012}.Debug|Any CPU.Build.0 = Debug|Any CPU
		{7AC27F23-D597-4893-AB44-5AB440875012}.Debug|Mixed Platforms.ActiveCfg = Debug|Any CPU
		{7AC27F23-D597-4893-AB44-5AB440875012}.Debug|Mixed Platforms.Build.0 = Debug|Any CPU
		{7AC27F23-D597-4893-AB44-5AB440875012}.Debug|x86.ActiveCfg = Debug|Any CPU
		{7AC27F23-D597-4893-AB44-5AB440875012}.Release|Any CPU.ActiveCfg = Release|Any CPU
		{7AC27F23-D597-4893-AB44-5AB440875012}.Release|Any CPU.Build.0 = Release|Any CPU
		{7AC27F23-D597-4893-AB44-5AB440875012}.Release|Mixed Platforms.ActiveCfg = Release|Any CPU
		{7AC27F23-D597-4893-AB44-5AB440875012}.Release|Mixed Platforms.Build.0 = Release|Any CPU
		{7AC27F23-D597-4893-AB44-5AB440875012}.Release|x86.ActiveCfg = Release|Any CPU
		{C7E3FC39-6F06-4143-A2C4-236BD879019E}.Debug|Any CPU.ActiveCfg = Debug|x86
		{C7E3FC39-6F06-4143-A2C4-236BD879019E}.Debug|Mixed Platforms.ActiveCfg = Debug|x86
		{C7E3FC39-6F06-4143-A2C4-236BD879019E}.Debug|Mixed Platforms.Build.0 = Debug|x86
		{C7E3FC39-6F06-4143-A2C4-236BD879019E}.Debug|x86.ActiveCfg = Debug|x86
		{C7E3FC39-6F06-4143-A2C4-236BD879019E}.Debug|x86.Build.0 = Debug|x86
		{C7E3FC39-6F06-4143-A2C4-236BD879019E}.Release|Any CPU.ActiveCfg = Release|x86
		{C7E3FC39-6F06-4143-A2C4-236BD879019E}.Release|Mixed Platforms.ActiveCfg = Release|x86
		{C7E3FC39-6F06-4143-A2C4-236BD879019E}.Release|Mixed Platforms.Build.0 = Release|x86
		{C7E3FC39-6F06-4143-A2C4-236BD879019E}.Release|x86.ActiveCfg = Release|x86
		{C7E3FC39-6F06-4143-A2C4-236BD879019E}.Release|x86.Build.0 = Release|x86
	EndGlobalSection
	GlobalSection(SolutionProperties) = preSolution
		HideSolutionNode = FALSE
	EndGlobalSection
EndGlobal
